PODS:
  - Alamofire (5.10.2)
  - Firebase/CoreOnly (12.1.0):
    - FirebaseCore (~> 12.1.0)
  - Firebase/Messaging (12.1.0):
    - Firebase/CoreOnly
    - FirebaseMessaging (~> 12.1.0)
  - FirebaseCore (12.1.0):
    - FirebaseCoreInternal (~> 12.1.0)
    - GoogleUtilities/Environment (~> 8.1)
    - GoogleUtilities/Logger (~> 8.1)
  - FirebaseCoreInternal (12.1.0):
    - "GoogleUtilities/NSData+zlib (~> 8.1)"
  - FirebaseInstallations (12.1.0):
    - FirebaseCore (~> 12.1.0)
    - GoogleUtilities/Environment (~> 8.1)
    - GoogleUtilities/UserDefaults (~> 8.1)
    - PromisesObjC (~> 2.4)
  - FirebaseMessaging (12.1.0):
    - FirebaseCore (~> 12.1.0)
    - FirebaseInstallations (~> 12.1.0)
    - GoogleDataTransport (~> 10.1)
    - GoogleUtilities/AppDelegateSwizzler (~> 8.1)
    - GoogleUtilities/Environment (~> 8.1)
    - GoogleUtilities/Reachability (~> 8.1)
    - GoogleUtilities/UserDefaults (~> 8.1)
    - nanopb (~> 3.30910.0)
  - GoogleDataTransport (10.1.0):
    - nanopb (~> 3.30910.0)
    - PromisesObjC (~> 2.4)
  - GoogleUtilities/AppDelegateSwizzler (8.1.0):
    - GoogleUtilities/Environment
    - GoogleUtilities/Logger
    - GoogleUtilities/Network
    - GoogleUtilities/Privacy
  - GoogleUtilities/Environment (8.1.0):
    - GoogleUtilities/Privacy
  - GoogleUtilities/Logger (8.1.0):
    - GoogleUtilities/Environment
    - GoogleUtilities/Privacy
  - GoogleUtilities/Network (8.1.0):
    - GoogleUtilities/Logger
    - "GoogleUtilities/NSData+zlib"
    - GoogleUtilities/Privacy
    - GoogleUtilities/Reachability
  - "GoogleUtilities/NSData+zlib (8.1.0)":
    - GoogleUtilities/Privacy
  - GoogleUtilities/Privacy (8.1.0)
  - GoogleUtilities/Reachability (8.1.0):
    - GoogleUtilities/Logger
    - GoogleUtilities/Privacy
  - GoogleUtilities/UserDefaults (8.1.0):
    - GoogleUtilities/Logger
    - GoogleUtilities/Privacy
  - HorizonCalendar (2.0.0)
  - Kingfisher (5.13.3):
    - Kingfisher/Core (= 5.13.3)
  - Kingfisher/Core (5.13.3)
  - Moya (15.0.0):
    - Moya/Core (= 15.0.0)
  - Moya/Core (15.0.0):
    - Alamofire (~> 5.0)
  - Moya/RxSwift (15.0.0):
    - Moya/Core
    - RxSwift (~> 6.0)
  - MultiSlider (2.2.1):
    - SweeterSwift
  - nanopb (3.30910.0):
    - nanopb/decode (= 3.30910.0)
    - nanopb/encode (= 3.30910.0)
  - nanopb/decode (3.30910.0)
  - nanopb/encode (3.30910.0)
  - PromisesObjC (2.4.0)
  - RxCocoa (6.9.0):
    - RxRelay (= 6.9.0)
    - RxSwift (= 6.9.0)
  - RxRelay (6.9.0):
    - RxSwift (= 6.9.0)
  - RxSwift (6.9.0)
  - SHSPhoneComponent (2.32)
  - SnapKit (5.7.1)
  - SweeterSwift (1.2.6)
  - YandexMapsMobile (4.1.0-full)

DEPENDENCIES:
  - Firebase/Messaging
  - HorizonCalendar
  - Kingfisher (= 5.13.3)
  - Moya (~> 15.0)
  - Moya/RxSwift (~> 15.0)
  - MultiSlider
  - RxCocoa (~> 6.6)
  - RxSwift (~> 6.6)
  - SHSPhoneComponent
  - SnapKit
  - YandexMapsMobile (= 4.1.0-full)

SPEC REPOS:
  trunk:
    - Alamofire
    - Firebase
    - FirebaseCore
    - FirebaseCoreInternal
    - FirebaseInstallations
    - FirebaseMessaging
    - GoogleDataTransport
    - GoogleUtilities
    - HorizonCalendar
    - Kingfisher
    - Moya
    - MultiSlider
    - nanopb
    - PromisesObjC
    - RxCocoa
    - RxRelay
    - RxSwift
    - SHSPhoneComponent
    - SnapKit
    - SweeterSwift
    - YandexMapsMobile

SPEC CHECKSUMS:
  Alamofire: 7193b3b92c74a07f85569e1a6c4f4237291e7496
  Firebase: 9edc9acf71313eb20e209c42e5469a42564fe1aa
  FirebaseCore: 5a452ffa66f37c8e281076996837626c5d08c090
  FirebaseCoreInternal: ff526c22671bb564d1b34a47615e29ba99389dee
  FirebaseInstallations: 6836550c466a6c3f753a777bec6f4e58ea228779
  FirebaseMessaging: 6538be0d8e8d0a3405407bc3813e2223287c0d17
  GoogleDataTransport: aae35b7ea0c09004c3797d53c8c41f66f219d6a7
  GoogleUtilities: 00c88b9a86066ef77f0da2fab05f65d7768ed8e1
  HorizonCalendar: 21e600058a8f4d407c79ef7848beda692c53a484
  Kingfisher: d2b3d6a7200c93b34de9afcdf25c8dd9282ec277
  Moya: 138f0573e53411fb3dc17016add0b748dfbd78ee
  MultiSlider: ad8b8ef79a3ce41bfe0867883ae5f6f3e3d107ed
  nanopb: fad817b59e0457d11a5dfbde799381cd727c1275
  PromisesObjC: f5707f49cb48b9636751c5b2e7d227e43fba9f47
  RxCocoa: ac16414696ae706516be3e1ab00fcce5bdc9be8a
  RxRelay: 6b0c930e5cef57d5fe2032571e5e65b78e3cbdb1
  RxSwift: 31649ace6aceeb422e16ff71c60804f9c3281ed9
  SHSPhoneComponent: c491cf87a0d5c3fb11b8f54100d05fd2706cb401
  SnapKit: d612e99e678a2d3b95bf60b0705ed0a35c03484a
  SweeterSwift: 1eca266517c703d7376e723a21926f5cb2ba4d0f
  YandexMapsMobile: c145ffd0dbdbb8079fca1eb6706cf9e751b07809

PODFILE CHECKSUM: 2e6a0c7a382335eff7fecd57e4e843173b279cc5

COCOAPODS: 1.16.2
